// !$*UTF8*$!
{
	archiveVersion = 1;
	classes = {
	};
	objectVersion = 56;
	objects = {

/* Begin PBXBuildFile section */
		5FFEB0712C93192E00006C0D /* WatchStatusBarHidden Watch App.app in Embed Watch Content */ = {isa = PBXBuildFile; fileRef = 5FFEB0702C93192E00006C0D /* WatchStatusBarHidden Watch App.app */; settings = {ATTRIBUTES = (RemoveHeadersOnCopy, ); }; };
		5FFEB0762C93192E00006C0D /* WatchStatusBarHiddenApp.swift in Sources */ = {isa = PBXBuildFile; fileRef = 5FFEB0752C93192E00006C0D /* WatchStatusBarHiddenApp.swift */; };
		5FFEB0782C93192E00006C0D /* ContentView.swift in Sources */ = {isa = PBXBuildFile; fileRef = 5FFEB0772C93192E00006C0D /* ContentView.swift */; };
		5FFEB07A2C93192F00006C0D /* Assets.xcassets in Resources */ = {isa = PBXBuildFile; fileRef = 5FFEB0792C93192F00006C0D /* Assets.xcassets */; };
		5FFEB07D2C93192F00006C0D /* Preview Assets.xcassets in Resources */ = {isa = PBXBuildFile; fileRef = 5FFEB07C2C93192F00006C0D /* Preview Assets.xcassets */; };
/* End PBXBuildFile section */

/* Begin PBXContainerItemProxy section */
		5FFEB0722C93192E00006C0D /* PBXContainerItemProxy */ = {
			isa = PBXContainerItemProxy;
			containerPortal = 5FFEB0642C93192D00006C0D /* Project object */;
			proxyType = 1;
			remoteGlobalIDString = 5FFEB06F2C93192E00006C0D;
			remoteInfo = "WatchStatusBarHidden Watch App";
		};
/* End PBXContainerItemProxy section */

/* Begin PBXCopyFilesBuildPhase section */
		5FFEB0832C93192F00006C0D /* Embed Watch Content */ = {
			isa = PBXCopyFilesBuildPhase;
			buildActionMask = 2147483647;
			dstPath = "$(CONTENTS_FOLDER_PATH)/Watch";
			dstSubfolderSpec = 16;
			files = (
				5FFEB0712C93192E00006C0D /* WatchStatusBarHidden Watch App.app in Embed Watch Content */,
			);
			name = "Embed Watch Content";
			runOnlyForDeploymentPostprocessing = 0;
		};
/* End PBXCopyFilesBuildPhase section */

/* Begin PBXFileReference section */
		5FFEB06A2C93192E00006C0D /* WatchStatusBarHidden.app */ = {isa = PBXFileReference; explicitFileType = wrapper.application; includeInIndex = 0; path = WatchStatusBarHidden.app; sourceTree = BUILT_PRODUCTS_DIR; };
		5FFEB0702C93192E00006C0D /* WatchStatusBarHidden Watch App.app */ = {isa = PBXFileReference; explicitFileType = wrapper.application; includeInIndex = 0; path = "WatchStatusBarHidden Watch App.app"; sourceTree = BUILT_PRODUCTS_DIR; };
		5FFEB0752C93192E00006C0D /* WatchStatusBarHiddenApp.swift */ = {isa = PBXFileReference; lastKnownFileType = sourcecode.swift; path = WatchStatusBarHiddenApp.swift; sourceTree = "<group>"; };
		5FFEB0772C93192E00006C0D /* ContentView.swift */ = {isa = PBXFileReference; lastKnownFileType = sourcecode.swift; path = ContentView.swift; sourceTree = "<group>"; };
		5FFEB0792C93192F00006C0D /* Assets.xcassets */ = {isa = PBXFileReference; lastKnownFileType = folder.assetcatalog; path = Assets.xcassets; sourceTree = "<group>"; };
		5FFEB07C2C93192F00006C0D /* Preview Assets.xcassets */ = {isa = PBXFileReference; lastKnownFileType = folder.assetcatalog; path = "Preview Assets.xcassets"; sourceTree = "<group>"; };
		5FFEB0872C9319A600006C0D /* README.md */ = {isa = PBXFileReference; lastKnownFileType = net.daringfireball.markdown; path = README.md; sourceTree = "<group>"; };
/* End PBXFileReference section */

/* Begin PBXFrameworksBuildPhase section */
		5FFEB06D2C93192E00006C0D /* Frameworks */ = {
			isa = PBXFrameworksBuildPhase;
			buildActionMask = 2147483647;
			files = (
			);
			runOnlyForDeploymentPostprocessing = 0;
		};
/* End PBXFrameworksBuildPhase section */

/* Begin PBXGroup section */
		5FFEB0632C93192D00006C0D = {
			isa = PBXGroup;
			children = (
				5FFEB0872C9319A600006C0D /* README.md */,
				5FFEB0742C93192E00006C0D /* WatchStatusBarHidden Watch App */,
				5FFEB06B2C93192E00006C0D /* Products */,
			);
			sourceTree = "<group>";
		};
		5FFEB06B2C93192E00006C0D /* Products */ = {
			isa = PBXGroup;
			children = (
				5FFEB06A2C93192E00006C0D /* WatchStatusBarHidden.app */,
				5FFEB0702C93192E00006C0D /* WatchStatusBarHidden Watch App.app */,
			);
			name = Products;
			sourceTree = "<group>";
		};
		5FFEB0742C93192E00006C0D /* WatchStatusBarHidden Watch App */ = {
			isa = PBXGroup;
			children = (
				5FFEB0752C93192E00006C0D /* WatchStatusBarHiddenApp.swift */,
				5FFEB0772C93192E00006C0D /* ContentView.swift */,
				5FFEB0792C93192F00006C0D /* Assets.xcassets */,
				5FFEB07B2C93192F00006C0D /* Preview Content */,
			);
			path = "WatchStatusBarHidden Watch App";
			sourceTree = "<group>";
		};
		5FFEB07B2C93192F00006C0D /* Preview Content */ = {
			isa = PBXGroup;
			children = (
				5FFEB07C2C93192F00006C0D /* Preview Assets.xcassets */,
			);
			path = "Preview Content";
			sourceTree = "<group>";
		};
/* End PBXGroup section */

/* Begin PBXNativeTarget section */
		5FFEB0692C93192E00006C0D /* WatchStatusBarHidden */ = {
			isa = PBXNativeTarget;
			buildConfigurationList = 5FFEB0842C93192F00006C0D /* Build configuration list for PBXNativeTarget "WatchStatusBarHidden" */;
			buildPhases = (
				5FFEB0682C93192E00006C0D /* Resources */,
				5FFEB0832C93192F00006C0D /* Embed Watch Content */,
			);
			buildRules = (
			);
			dependencies = (
				5FFEB0732C93192E00006C0D /* PBXTargetDependency */,
			);
			name = WatchStatusBarHidden;
			productName = WatchStatusBarHidden;
			productReference = 5FFEB06A2C93192E00006C0D /* WatchStatusBarHidden.app */;
			productType = "com.apple.product-type.application.watchapp2-container";
		};
		5FFEB06F2C93192E00006C0D /* WatchStatusBarHidden Watch App */ = {
			isa = PBXNativeTarget;
			buildConfigurationList = 5FFEB0802C93192F00006C0D /* Build configuration list for PBXNativeTarget "WatchStatusBarHidden Watch App" */;
			buildPhases = (
				5FFEB06C2C93192E00006C0D /* Sources */,
				5FFEB06D2C93192E00006C0D /* Frameworks */,
				5FFEB06E2C93192E00006C0D /* Resources */,
			);
			buildRules = (
			);
			dependencies = (
			);
			name = "WatchStatusBarHidden Watch App";
			productName = "WatchStatusBarHidden Watch App";
			productReference = 5FFEB0702C93192E00006C0D /* WatchStatusBarHidden Watch App.app */;
			productType = "com.apple.product-type.application";
		};
/* End PBXNativeTarget section */

/* Begin PBXProject section */
		5FFEB0642C93192D00006C0D /* Project object */ = {
			isa = PBXProject;
			attributes = {
				BuildIndependentTargetsInParallel = 1;
				LastSwiftUpdateCheck = 1540;
				LastUpgradeCheck = 1540;
				TargetAttributes = {
					5FFEB0692C93192E00006C0D = {
						CreatedOnToolsVersion = 15.4;
					};
					5FFEB06F2C93192E00006C0D = {
						CreatedOnToolsVersion = 15.4;
					};
				};
			};
			buildConfigurationList = 5FFEB0672C93192D00006C0D /* Build configuration list for PBXProject "WatchStatusBarHidden" */;
			compatibilityVersion = "Xcode 14.0";
			developmentRegion = en;
			hasScannedForEncodings = 0;
			knownRegions = (
				en,
				Base,
			);
			mainGroup = 5FFEB0632C93192D00006C0D;
			productRefGroup = 5FFEB06B2C93192E00006C0D /* Products */;
			projectDirPath = "";
			projectRoot = "";
			targets = (
				5FFEB0692C93192E00006C0D /* WatchStatusBarHidden */,
				5FFEB06F2C93192E00006C0D /* WatchStatusBarHidden Watch App */,
			);
		};
/* End PBXProject section */

/* Begin PBXResourcesBuildPhase section */
		5FFEB0682C93192E00006C0D /* Resources */ = {
			isa = PBXResourcesBuildPhase;
			buildActionMask = 2147483647;
			files = (
			);
			runOnlyForDeploymentPostprocessing = 0;
		};
		5FFEB06E2C93192E00006C0D /* Resources */ = {
			isa = PBXResourcesBuildPhase;
			buildActionMask = 2147483647;
			files = (
				5FFEB07D2C93192F00006C0D /* Preview Assets.xcassets in Resources */,
				5FFEB07A2C93192F00006C0D /* Assets.xcassets in Resources */,
			);
			runOnlyForDeploymentPostprocessing = 0;
		};
/* End PBXResourcesBuildPhase section */

/* Begin PBXSourcesBuildPhase section */
		5FFEB06C2C93192E00006C0D /* Sources */ = {
			isa = PBXSourcesBuildPhase;
			buildActionMask = 2147483647;
			files = (
				5FFEB0782C93192E00006C0D /* ContentView.swift in Sources */,
				5FFEB0762C93192E00006C0D /* WatchStatusBarHiddenApp.swift in Sources */,
			);
			runOnlyForDeploymentPostprocessing = 0;
		};
/* End PBXSourcesBuildPhase section */

/* Begin PBXTargetDependency section */
		5FFEB0732C93192E00006C0D /* PBXTargetDependency */ = {
			isa = PBXTargetDependency;
			target = 5FFEB06F2C93192E00006C0D /* WatchStatusBarHidden Watch App */;
			targetProxy = 5FFEB0722C93192E00006C0D /* PBXContainerItemProxy */;
		};
/* End PBXTargetDependency section */

/* Begin XCBuildConfiguration section */
		5FFEB07E2C93192F00006C0D /* Debug */ = {
			isa = XCBuildConfiguration;
			buildSettings = {
				ALWAYS_SEARCH_USER_PATHS = NO;
				ASSETCATALOG_COMPILER_GENERATE_SWIFT_ASSET_SYMBOL_EXTENSIONS = YES;
				CLANG_ANALYZER_NONNULL = YES;
				CLANG_ANALYZER_NUMBER_OBJECT_CONVERSION = YES_AGGRESSIVE;
				CLANG_CXX_LANGUAGE_STANDARD = "gnu++20";
				CLANG_ENABLE_MODULES = YES;
				CLANG_ENABLE_OBJC_ARC = YES;
				CLANG_ENABLE_OBJC_WEAK = YES;
				CLANG_WARN_BLOCK_CAPTURE_AUTORELEASING = YES;
				CLANG_WARN_BOOL_CONVERSION = YES;
				CLANG_WARN_COMMA = YES;
				CLANG_WARN_CONSTANT_CONVERSION = YES;
				CLANG_WARN_DEPRECATED_OBJC_IMPLEMENTATIONS = YES;
				CLANG_WARN_DIRECT_OBJC_ISA_USAGE = YES_ERROR;
				CLANG_WARN_DOCUMENTATION_COMMENTS = YES;
				CLANG_WARN_EMPTY_BODY = YES;
				CLANG_WARN_ENUM_CONVERSION = YES;
				CLANG_WARN_INFINITE_RECURSION = YES;
				CLANG_WARN_INT_CONVERSION = YES;
				CLANG_WARN_NON_LITERAL_NULL_CONVERSION = YES;
				CLANG_WARN_OBJC_IMPLICIT_RETAIN_SELF = YES;
				CLANG_WARN_OBJC_LITERAL_CONVERSION = YES;
				CLANG_WARN_OBJC_ROOT_CLASS = YES_ERROR;
				CLANG_WARN_QUOTED_INCLUDE_IN_FRAMEWORK_HEADER = YES;
				CLANG_WARN_RANGE_LOOP_ANALYSIS = YES;
				CLANG_WARN_STRICT_PROTOTYPES = YES;
				CLANG_WARN_SUSPICIOUS_MOVE = YES;
				CLANG_WARN_UNGUARDED_AVAILABILITY = YES_AGGRESSIVE;
				CLANG_WARN_UNREACHABLE_CODE = YES;
				CLANG_WARN__DUPLICATE_METHOD_MATCH = YES;
				COPY_PHASE_STRIP = NO;
				DEBUG_INFORMATION_FORMAT = dwarf;
				ENABLE_STRICT_OBJC_MSGSEND = YES;
				ENABLE_TESTABILITY = YES;
				ENABLE_USER_SCRIPT_SANDBOXING = YES;
				GCC_C_LANGUAGE_STANDARD = gnu17;
				GCC_DYNAMIC_NO_PIC = NO;
				GCC_NO_COMMON_BLOCKS = YES;
				GCC_OPTIMIZATION_LEVEL = 0;
				GCC_PREPROCESSOR_DEFINITIONS = (
					"DEBUG=1",
					"$(inherited)",
				);
				GCC_WARN_64_TO_32_BIT_CONVERSION = YES;
				GCC_WARN_ABOUT_RETURN_TYPE = YES_ERROR;
				GCC_WARN_UNDECLARED_SELECTOR = YES;
				GCC_WARN_UNINITIALIZED_AUTOS = YES_AGGRESSIVE;
				GCC_WARN_UNUSED_FUNCTION = YES;
				GCC_WARN_UNUSED_VARIABLE = YES;
				LOCALIZATION_PREFERS_STRING_CATALOGS = YES;
				MTL_ENABLE_DEBUG_INFO = INCLUDE_SOURCE;
				MTL_FAST_MATH = YES;
				ONLY_ACTIVE_ARCH = YES;
				SWIFT_ACTIVE_COMPILATION_CONDITIONS = "DEBUG $(inherited)";
				SWIFT_OPTIMIZATION_LEVEL = "-Onone";
			};
			name = Debug;
		};
		5FFEB07F2C93192F00006C0D /* Release */ = {
			isa = XCBuildConfiguration;
			buildSettings = {
				ALWAYS_SEARCH_USER_PATHS = NO;
				ASSETCATALOG_COMPILER_GENERATE_SWIFT_ASSET_SYMBOL_EXTENSIONS = YES;
				CLANG_ANALYZER_NONNULL = YES;
				CLANG_ANALYZER_NUMBER_OBJECT_CONVERSION = YES_AGGRESSIVE;
				CLANG_CXX_LANGUAGE_STANDARD = "gnu++20";
				CLANG_ENABLE_MODULES = YES;
				CLANG_ENABLE_OBJC_ARC = YES;
				CLANG_ENABLE_OBJC_WEAK = YES;
				CLANG_WARN_BLOCK_CAPTURE_AUTORELEASING = YES;
				CLANG_WARN_BOOL_CONVERSION = YES;
				CLANG_WARN_COMMA = YES;
				CLANG_WARN_CONSTANT_CONVERSION = YES;
				CLANG_WARN_DEPRECATED_OBJC_IMPLEMENTATIONS = YES;
				CLANG_WARN_DIRECT_OBJC_ISA_USAGE = YES_ERROR;
				CLANG_WARN_DOCUMENTATION_COMMENTS = YES;
				CLANG_WARN_EMPTY_BODY = YES;
				CLANG_WARN_ENUM_CONVERSION = YES;
				CLANG_WARN_INFINITE_RECURSION = YES;
				CLANG_WARN_INT_CONVERSION = YES;
				CLANG_WARN_NON_LITERAL_NULL_CONVERSION = YES;
				CLANG_WARN_OBJC_IMPLICIT_RETAIN_SELF = YES;
				CLANG_WARN_OBJC_LITERAL_CONVERSION = YES;
				CLANG_WARN_OBJC_ROOT_CLASS = YES_ERROR;
				CLANG_WARN_QUOTED_INCLUDE_IN_FRAMEWORK_HEADER = YES;
				CLANG_WARN_RANGE_LOOP_ANALYSIS = YES;
				CLANG_WARN_STRICT_PROTOTYPES = YES;
				CLANG_WARN_SUSPICIOUS_MOVE = YES;
				CLANG_WARN_UNGUARDED_AVAILABILITY = YES_AGGRESSIVE;
				CLANG_WARN_UNREACHABLE_CODE = YES;
				CLANG_WARN__DUPLICATE_METHOD_MATCH = YES;
				COPY_PHASE_STRIP = NO;
				DEBUG_INFORMATION_FORMAT = "dwarf-with-dsym";
				ENABLE_NS_ASSERTIONS = NO;
				ENABLE_STRICT_OBJC_MSGSEND = YES;
				ENABLE_USER_SCRIPT_SANDBOXING = YES;
				GCC_C_LANGUAGE_STANDARD = gnu17;
				GCC_NO_COMMON_BLOCKS = YES;
				GCC_WARN_64_TO_32_BIT_CONVERSION = YES;
				GCC_WARN_ABOUT_RETURN_TYPE = YES_ERROR;
				GCC_WARN_UNDECLARED_SELECTOR = YES;
				GCC_WARN_UNINITIALIZED_AUTOS = YES_AGGRESSIVE;
				GCC_WARN_UNUSED_FUNCTION = YES;
				GCC_WARN_UNUSED_VARIABLE = YES;
				LOCALIZATION_PREFERS_STRING_CATALOGS = YES;
				MTL_ENABLE_DEBUG_INFO = NO;
				MTL_FAST_MATH = YES;
				SWIFT_COMPILATION_MODE = wholemodule;
			};
			name = Release;
		};
		5FFEB0812C93192F00006C0D /* Debug */ = {
			isa = XCBuildConfiguration;
			buildSettings = {
				ASSETCATALOG_COMPILER_APPICON_NAME = AppIcon;
				ASSETCATALOG_COMPILER_GLOBAL_ACCENT_COLOR_NAME = AccentColor;
				CODE_SIGN_STYLE = Automatic;
				CURRENT_PROJECT_VERSION = 1;
				DEVELOPMENT_ASSET_PATHS = "\"WatchStatusBarHidden Watch App/Preview Content\"";
				DEVELOPMENT_TEAM = K2RC892C94;
				ENABLE_PREVIEWS = YES;
				GENERATE_INFOPLIST_FILE = YES;
				INFOPLIST_KEY_CFBundleDisplayName = WatchStatusBarHidden;
				INFOPLIST_KEY_UISupportedInterfaceOrientations = "UIInterfaceOrientationPortrait UIInterfaceOrientationPortraitUpsideDown";
				INFOPLIST_KEY_WKWatchOnly = YES;
				LD_RUNPATH_SEARCH_PATHS = (
					"$(inherited)",
					"@executable_path/Frameworks",
				);
				MARKETING_VERSION = 1.0;
				PRODUCT_BUNDLE_IDENTIFIER = com.sid12g.WatchStatusBarHidden.watchkitapp;
				PRODUCT_NAME = "$(TARGET_NAME)";
				SDKROOT = watchos;
				SKIP_INSTALL = YES;
				SWIFT_EMIT_LOC_STRINGS = YES;
				SWIFT_VERSION = 5.0;
				TARGETED_DEVICE_FAMILY = 4;
				WATCHOS_DEPLOYMENT_TARGET = 10.5;
			};
			name = Debug;
		};
		5FFEB0822C93192F00006C0D /* Release */ = {
			isa = XCBuildConfiguration;
			buildSettings = {
				ASSETCATALOG_COMPILER_APPICON_NAME = AppIcon;
				ASSETCATALOG_COMPILER_GLOBAL_ACCENT_COLOR_NAME = AccentColor;
				CODE_SIGN_STYLE = Automatic;
				CURRENT_PROJECT_VERSION = 1;
				DEVELOPMENT_ASSET_PATHS = "\"WatchStatusBarHidden Watch App/Preview Content\"";
				DEVELOPMENT_TEAM = K2RC892C94;
				ENABLE_PREVIEWS = YES;
				GENERATE_INFOPLIST_FILE = YES;
				INFOPLIST_KEY_CFBundleDisplayName = WatchStatusBarHidden;
				INFOPLIST_KEY_UISupportedInterfaceOrientations = "UIInterfaceOrientationPortrait UIInterfaceOrientationPortraitUpsideDown";
				INFOPLIST_KEY_WKWatchOnly = YES;
				LD_RUNPATH_SEARCH_PATHS = (
					"$(inherited)",
					"@executable_path/Frameworks",
				);
				MARKETING_VERSION = 1.0;
				PRODUCT_BUNDLE_IDENTIFIER = com.sid12g.WatchStatusBarHidden.watchkitapp;
				PRODUCT_NAME = "$(TARGET_NAME)";
				SDKROOT = watchos;
				SKIP_INSTALL = YES;
				SWIFT_EMIT_LOC_STRINGS = YES;
				SWIFT_VERSION = 5.0;
				TARGETED_DEVICE_FAMILY = 4;
				VALIDATE_PRODUCT = YES;
				WATCHOS_DEPLOYMENT_TARGET = 10.5;
			};
			name = Release;
		};
		5FFEB0852C93192F00006C0D /* Debug */ = {
			isa = XCBuildConfiguration;
			buildSettings = {
				ALWAYS_EMBED_SWIFT_STANDARD_LIBRARIES = YES;
				CODE_SIGN_STYLE = Automatic;
				CURRENT_PROJECT_VERSION = 1;
				DEVELOPMENT_TEAM = K2RC892C94;
				INFOPLIST_KEY_CFBundleDisplayName = WatchStatusBarHidden;
				MARKETING_VERSION = 1.0;
				PRODUCT_BUNDLE_IDENTIFIER = com.sid12g.WatchStatusBarHidden;
				PRODUCT_NAME = "$(TARGET_NAME)";
				SDKROOT = iphoneos;
				SWIFT_VERSION = 5.0;
			};
			name = Debug;
		};
		5FFEB0862C93192F00006C0D /* Release */ = {
			isa = XCBuildConfiguration;
			buildSettings = {
				ALWAYS_EMBED_SWIFT_STANDARD_LIBRARIES = YES;
				CODE_SIGN_STYLE = Automatic;
				CURRENT_PROJECT_VERSION = 1;
				DEVELOPMENT_TEAM = K2RC892C94;
				INFOPLIST_KEY_CFBundleDisplayName = WatchStatusBarHidden;
				MARKETING_VERSION = 1.0;
				PRODUCT_BUNDLE_IDENTIFIER = com.sid12g.WatchStatusBarHidden;
				PRODUCT_NAME = "$(TARGET_NAME)";
				SDKROOT = iphoneos;
				SWIFT_VERSION = 5.0;
				VALIDATE_PRODUCT = YES;
			};
			name = Release;
		};
/* End XCBuildConfiguration section */

/* Begin XCConfigurationList section */
		5FFEB0672C93192D00006C0D /* Build configuration list for PBXProject "WatchStatusBarHidden" */ = {
			isa = XCConfigurationList;
			buildConfigurations = (
				5FFEB07E2C93192F00006C0D /* Debug */,
				5FFEB07F2C93192F00006C0D /* Release */,
			);
			defaultConfigurationIsVisible = 0;
			defaultConfigurationName = Release;
		};
		5FFEB0802C93192F00006C0D /* Build configuration list for PBXNativeTarget "WatchStatusBarHidden Watch App" */ = {
			isa = XCConfigurationList;
			buildConfigurations = (
				5FFEB0812C93192F00006C0D /* Debug */,
				5FFEB0822C93192F00006C0D /* Release */,
			);
			defaultConfigurationIsVisible = 0;
			defaultConfigurationName = Release;
		};
		5FFEB0842C93192F00006C0D /* Build configuration list for PBXNativeTarget "WatchStatusBarHidden" */ = {
			isa = XCConfigurationList;
			buildConfigurations = (
				5FFEB0852C93192F00006C0D /* Debug */,
				5FFEB0862C93192F00006C0D /* Release */,
			);
			defaultConfigurationIsVisible = 0;
			defaultConfigurationName = Release;
		};
/* End XCConfigurationList section */
	};
	rootObject = 5FFEB0642C93192D00006C0D /* Project object */;
}
